{
  "name": "client-connects-to-server",
  "version": "1.0.0",
  "lockfileVersion": 1,
  "requires": true,
  "dependencies": {
    "mole-rpc": {
      "version": "1.0.4",
      "resolved": "https://registry.npmjs.org/mole-rpc/-/mole-rpc-1.0.4.tgz",
      "integrity": "sha512-thkB3P+6akKtdS1RD8jp3JSTfkBV8E6uToucbOltsHmZKuBqSO/HD8+F9isT1rmJSAB1VoUpOA9cPcy5c9sj6A=="
    },
    "ws": {
      "version": "8.4.0",
      "resolved": "https://registry.npmjs.org/ws/-/ws-8.4.0.tgz",
      "integrity": "sha512-IHVsKe2pjajSUIl4KYMQOdlyliovpEPquKkqbwswulszzI7r0SfQrxnXdWAEqOlDCLrVSJzo+O1hAwdog2sKSQ=="
    }
  }
}
